// !$*UTF8*$!
{
	archiveVersion = 1;
	classes = {
	};
	objectVersion = 50;
	objects = {

/* Begin PBXBuildFile section */
		9DB87BF1230E8C1100C2789A /* Intro.json in Resources */ = {isa = PBXBuildFile; fileRef = 9DB87BF0230E8C1100C2789A /* Intro.json */; };
		9DD7136A230E859200BAD08B /* SplashViewController.swift in Sources */ = {isa = PBXBuildFile; fileRef = 9DD71369230E859200BAD08B /* SplashViewController.swift */; };
		9DE79D13230E82FF00DD6442 /* AppDelegate.swift in Sources */ = {isa = PBXBuildFile; fileRef = 9DE79D12230E82FF00DD6442 /* AppDelegate.swift */; };
		9DE79D15230E82FF00DD6442 /* ViewController.swift in Sources */ = {isa = PBXBuildFile; fileRef = 9DE79D14230E82FF00DD6442 /* ViewController.swift */; };
		9DE79D18230E82FF00DD6442 /* Main.storyboard in Resources */ = {isa = PBXBuildFile; fileRef = 9DE79D16230E82FF00DD6442 /* Main.storyboard */; };
		9DE79D1A230E830100DD6442 /* Assets.xcassets in Resources */ = {isa = PBXBuildFile; fileRef = 9DE79D19230E830100DD6442 /* Assets.xcassets */; };
		9DE79D1D230E830100DD6442 /* LaunchScreen.storyboard in Resources */ = {isa = PBXBuildFile; fileRef = 9DE79D1B230E830100DD6442 /* LaunchScreen.storyboard */; };
		C20B496443A61F5F875627A6 /* libPods-LetsAnime.a in Frameworks */ = {isa = PBXBuildFile; fileRef = E960896A73B03CA53C6F4A69 /* libPods-LetsAnime.a */; };
/* End PBXBuildFile section */

/* Begin PBXFileReference section */
		695DF49D060372FC6959E2E6 /* Pods-LetsAnime.release.xcconfig */ = {isa = PBXFileReference; includeInIndex = 1; lastKnownFileType = text.xcconfig; name = "Pods-LetsAnime.release.xcconfig"; path = "Target Support Files/Pods-LetsAnime/Pods-LetsAnime.release.xcconfig"; sourceTree = "<group>"; };
		9DB87BF0230E8C1100C2789A /* Intro.json */ = {isa = PBXFileReference; fileEncoding = 4; lastKnownFileType = text.json; path = Intro.json; sourceTree = "<group>"; };
		9DD71369230E859200BAD08B /* SplashViewController.swift */ = {isa = PBXFileReference; lastKnownFileType = sourcecode.swift; path = SplashViewController.swift; sourceTree = "<group>"; };
		9DE79D0F230E82FF00DD6442 /* LetsAnime.app */ = {isa = PBXFileReference; explicitFileType = wrapper.application; includeInIndex = 0; path = LetsAnime.app; sourceTree = BUILT_PRODUCTS_DIR; };
		9DE79D12230E82FF00DD6442 /* AppDelegate.swift */ = {isa = PBXFileReference; lastKnownFileType = sourcecode.swift; path = AppDelegate.swift; sourceTree = "<group>"; };
		9DE79D14230E82FF00DD6442 /* ViewController.swift */ = {isa = PBXFileReference; lastKnownFileType = sourcecode.swift; path = ViewController.swift; sourceTree = "<group>"; };
		9DE79D17230E82FF00DD6442 /* Base */ = {isa = PBXFileReference; lastKnownFileType = file.storyboard; name = Base; path = Base.lproj/Main.storyboard; sourceTree = "<group>"; };
		9DE79D19230E830100DD6442 /* Assets.xcassets */ = {isa = PBXFileReference; lastKnownFileType = folder.assetcatalog; path = Assets.xcassets; sourceTree = "<group>"; };
		9DE79D1C230E830100DD6442 /* Base */ = {isa = PBXFileReference; lastKnownFileType = file.storyboard; name = Base; path = Base.lproj/LaunchScreen.storyboard; sourceTree = "<group>"; };
		9DE79D1E230E830100DD6442 /* Info.plist */ = {isa = PBXFileReference; lastKnownFileType = text.plist.xml; path = Info.plist; sourceTree = "<group>"; };
		E960896A73B03CA53C6F4A69 /* libPods-LetsAnime.a */ = {isa = PBXFileReference; explicitFileType = archive.ar; includeInIndex = 0; path = "libPods-LetsAnime.a"; sourceTree = BUILT_PRODUCTS_DIR; };
		F86C2478608DC733DE547B53 /* Pods-LetsAnime.debug.xcconfig */ = {isa = PBXFileReference; includeInIndex = 1; lastKnownFileType = text.xcconfig; name = "Pods-LetsAnime.debug.xcconfig"; path = "Target Support Files/Pods-LetsAnime/Pods-LetsAnime.debug.xcconfig"; sourceTree = "<group>"; };
/* End PBXFileReference section */

/* Begin PBXFrameworksBuildPhase section */
		9DE79D0C230E82FF00DD6442 /* Frameworks */ = {
			isa = PBXFrameworksBuildPhase;
			buildActionMask = 2147483647;
			files = (
				C20B496443A61F5F875627A6 /* libPods-LetsAnime.a in Frameworks */,
			);
			runOnlyForDeploymentPostprocessing = 0;
		};
/* End PBXFrameworksBuildPhase section */

/* Begin PBXGroup section */
		4C560B4A58DE47D86CBB87C5 /* Frameworks */ = {
			isa = PBXGroup;
			children = (
				E960896A73B03CA53C6F4A69 /* libPods-LetsAnime.a */,
			);
			name = Frameworks;
			sourceTree = "<group>";
		};
		9DE79D06230E82FF00DD6442 = {
			isa = PBXGroup;
			children = (
				9DE79D11230E82FF00DD6442 /* LetsAnime */,
				9DE79D10230E82FF00DD6442 /* Products */,
				F8D862242B95F6F521FD48BF /* Pods */,
				4C560B4A58DE47D86CBB87C5 /* Frameworks */,
			);
			sourceTree = "<group>";
		};
		9DE79D10230E82FF00DD6442 /* Products */ = {
			isa = PBXGroup;
			children = (
				9DE79D0F230E82FF00DD6442 /* LetsAnime.app */,
			);
			name = Products;
			sourceTree = "<group>";
		};
		9DE79D11230E82FF00DD6442 /* LetsAnime */ = {
			isa = PBXGroup;
			children = (
				9DB87BF0230E8C1100C2789A /* Intro.json */,
				9DE79D12230E82FF00DD6442 /* AppDelegate.swift */,
				9DE79D14230E82FF00DD6442 /* ViewController.swift */,
				9DE79D16230E82FF00DD6442 /* Main.storyboard */,
				9DE79D19230E830100DD6442 /* Assets.xcassets */,
				9DE79D1B230E830100DD6442 /* LaunchScreen.storyboard */,
				9DE79D1E230E830100DD6442 /* Info.plist */,
				9DD71369230E859200BAD08B /* SplashViewController.swift */,
			);
			path = LetsAnime;
			sourceTree = "<group>";
		};
		F8D862242B95F6F521FD48BF /* Pods */ = {
			isa = PBXGroup;
			children = (
				F86C2478608DC733DE547B53 /* Pods-LetsAnime.debug.xcconfig */,
				695DF49D060372FC6959E2E6 /* Pods-LetsAnime.release.xcconfig */,
			);
			path = Pods;
			sourceTree = "<group>";
		};
/* End PBXGroup section */

/* Begin PBXNativeTarget section */
		9DE79D0E230E82FF00DD6442 /* LetsAnime */ = {
			isa = PBXNativeTarget;
			buildConfigurationList = 9DE79D21230E830100DD6442 /* Build configuration list for PBXNativeTarget "LetsAnime" */;
			buildPhases = (
				181830E92996CE0F7D6983A7 /* [CP] Check Pods Manifest.lock */,
				9DE79D0B230E82FF00DD6442 /* Sources */,
				9DE79D0C230E82FF00DD6442 /* Frameworks */,
				9DE79D0D230E82FF00DD6442 /* Resources */,
			);
			buildRules = (
			);
			dependencies = (
			);
			name = LetsAnime;
			productName = LetsAnime;
			productReference = 9DE79D0F230E82FF00DD6442 /* LetsAnime.app */;
			productType = "com.apple.product-type.application";
		};
/* End PBXNativeTarget section */

/* Begin PBXProject section */
		9DE79D07230E82FF00DD6442 /* Project object */ = {
			isa = PBXProject;
			attributes = {
				LastSwiftUpdateCheck = 1030;
				LastUpgradeCheck = 1030;
				ORGANIZATIONNAME = Shubhang;
				TargetAttributes = {
					9DE79D0E230E82FF00DD6442 = {
						CreatedOnToolsVersion = 10.3;
					};
				};
			};
			buildConfigurationList = 9DE79D0A230E82FF00DD6442 /* Build configuration list for PBXProject "LetsAnime" */;
			compatibilityVersion = "Xcode 9.3";
			developmentRegion = en;
			hasScannedForEncodings = 0;
			knownRegions = (
				en,
				Base,
			);
			mainGroup = 9DE79D06230E82FF00DD6442;
			productRefGroup = 9DE79D10230E82FF00DD6442 /* Products */;
			projectDirPath = "";
			projectRoot = "";
			targets = (
				9DE79D0E230E82FF00DD6442 /* LetsAnime */,
			);
		};
/* End PBXProject section */

/* Begin PBXResourcesBuildPhase section */
		9DE79D0D230E82FF00DD6442 /* Resources */ = {
			isa = PBXResourcesBuildPhase;
			buildActionMask = 2147483647;
			files = (
				9DE79D1D230E830100DD6442 /* LaunchScreen.storyboard in Resources */,
				9DE79D1A230E830100DD6442 /* Assets.xcassets in Resources */,
				9DB87BF1230E8C1100C2789A /* Intro.json in Resources */,
				9DE79D18230E82FF00DD6442 /* Main.storyboard in Resources */,
			);
			runOnlyForDeploymentPostprocessing = 0;
		};
/* End PBXResourcesBuildPhase section */

/* Begin PBXShellScriptBuildPhase section */
		181830E92996CE0F7D6983A7 /* [CP] Check Pods Manifest.lock */ = {
			isa = PBXShellScriptBuildPhase;
			buildActionMask = 2147483647;
			files = (
			);
			inputFileListPaths = (
			);
			inputPaths = (
				"${PODS_PODFILE_DIR_PATH}/Podfile.lock",
				"${PODS_ROOT}/Manifest.lock",
			);
			name = "[CP] Check Pods Manifest.lock";
			outputFileListPaths = (
			);
			outputPaths = (
				"$(DERIVED_FILE_DIR)/Pods-LetsAnime-checkManifestLockResult.txt",
			);
			runOnlyForDeploymentPostprocessing = 0;
			shellPath = /bin/sh;
			shellScript = "diff \"${PODS_PODFILE_DIR_PATH}/Podfile.lock\" \"${PODS_ROOT}/Manifest.lock\" > /dev/null\nif [ $? != 0 ] ; then\n    # print error to STDERR\n    echo \"error: The sandbox is not in sync with the Podfile.lock. Run 'pod install' or update your CocoaPods installation.\" >&2\n    exit 1\nfi\n# This output is used by Xcode 'outputs' to avoid re-running this script phase.\necho \"SUCCESS\" > \"${SCRIPT_OUTPUT_FILE_0}\"\n";
			showEnvVarsInLog = 0;
		};
/* End PBXShellScriptBuildPhase section */

/* Begin PBXSourcesBuildPhase section */
		9DE79D0B230E82FF00DD6442 /* Sources */ = {
			isa = PBXSourcesBuildPhase;
			buildActionMask = 2147483647;
			files = (
				9DD7136A230E859200BAD08B /* SplashViewController.swift in Sources */,
				9DE79D15230E82FF00DD6442 /* ViewController.swift in Sources */,
				9DE79D13230E82FF00DD6442 /* AppDelegate.swift in Sources */,
			);
			runOnlyForDeploymentPostprocessing = 0;
		};
/* End PBXSourcesBuildPhase section */

/* Begin PBXVariantGroup section */
		9DE79D16230E82FF00DD6442 /* Main.storyboard */ = {
			isa = PBXVariantGroup;
			children = (
				9DE79D17230E82FF00DD6442 /* Base */,
			);
			name = Main.storyboard;
			sourceTree = "<group>";
		};
		9DE79D1B230E830100DD6442 /* LaunchScreen.storyboard */ = {
			isa = PBXVariantGroup;
			children = (
				9DE79D1C230E830100DD6442 /* Base */,
			);
			name = LaunchScreen.storyboard;
			sourceTree = "<group>";
		};
/* End PBXVariantGroup section */

/* Begin XCBuildConfiguration section */
		9DE79D1F230E830100DD6442 /* Debug */ = {
			isa = XCBuildConfiguration;
			buildSettings = {
				ALWAYS_SEARCH_USER_PATHS = NO;
				CLANG_ANALYZER_NONNULL = YES;
				CLANG_ANALYZER_NUMBER_OBJECT_CONVERSION = YES_AGGRESSIVE;
				CLANG_CXX_LANGUAGE_STANDARD = "gnu++14";
				CLANG_CXX_LIBRARY = "libc++";
				CLANG_ENABLE_MODULES = YES;
				CLANG_ENABLE_OBJC_ARC = YES;
				CLANG_ENABLE_OBJC_WEAK = YES;
				CLANG_WARN_BLOCK_CAPTURE_AUTORELEASING = YES;
				CLANG_WARN_BOOL_CONVERSION = YES;
				CLANG_WARN_COMMA = YES;
				CLANG_WARN_CONSTANT_CONVERSION = YES;
				CLANG_WARN_DEPRECATED_OBJC_IMPLEMENTATIONS = YES;
				CLANG_WARN_DIRECT_OBJC_ISA_USAGE = YES_ERROR;
				CLANG_WARN_DOCUMENTATION_COMMENTS = YES;
				CLANG_WARN_EMPTY_BODY = YES;
				CLANG_WARN_ENUM_CONVERSION = YES;
				CLANG_WARN_INFINITE_RECURSION = YES;
				CLANG_WARN_INT_CONVERSION = YES;
				CLANG_WARN_NON_LITERAL_NULL_CONVERSION = YES;
				CLANG_WARN_OBJC_IMPLICIT_RETAIN_SELF = YES;
				CLANG_WARN_OBJC_LITERAL_CONVERSION = YES;
				CLANG_WARN_OBJC_ROOT_CLASS = YES_ERROR;
				CLANG_WARN_RANGE_LOOP_ANALYSIS = YES;
				CLANG_WARN_STRICT_PROTOTYPES = YES;
				CLANG_WARN_SUSPICIOUS_MOVE = YES;
				CLANG_WARN_UNGUARDED_AVAILABILITY = YES_AGGRESSIVE;
				CLANG_WARN_UNREACHABLE_CODE = YES;
				CLANG_WARN__DUPLICATE_METHOD_MATCH = YES;
				CODE_SIGN_IDENTITY = "iPhone Developer";
				COPY_PHASE_STRIP = NO;
				DEBUG_INFORMATION_FORMAT = dwarf;
				ENABLE_STRICT_OBJC_MSGSEND = YES;
				ENABLE_TESTABILITY = YES;
				GCC_C_LANGUAGE_STANDARD = gnu11;
				GCC_DYNAMIC_NO_PIC = NO;
				GCC_NO_COMMON_BLOCKS = YES;
				GCC_OPTIMIZATION_LEVEL = 0;
				GCC_PREPROCESSOR_DEFINITIONS = (
					"DEBUG=1",
					"$(inherited)",
				);
				GCC_WARN_64_TO_32_BIT_CONVERSION = YES;
				GCC_WARN_ABOUT_RETURN_TYPE = YES_ERROR;
				GCC_WARN_UNDECLARED_SELECTOR = YES;
				GCC_WARN_UNINITIALIZED_AUTOS = YES_AGGRESSIVE;
				GCC_WARN_UNUSED_FUNCTION = YES;
				GCC_WARN_UNUSED_VARIABLE = YES;
				IPHONEOS_DEPLOYMENT_TARGET = 12.4;
				MTL_ENABLE_DEBUG_INFO = INCLUDE_SOURCE;
				MTL_FAST_MATH = YES;
				ONLY_ACTIVE_ARCH = YES;
				SDKROOT = iphoneos;
				SWIFT_ACTIVE_COMPILATION_CONDITIONS = DEBUG;
				SWIFT_OPTIMIZATION_LEVEL = "-Onone";
			};
			name = Debug;
		};
		9DE79D20230E830100DD6442 /* Release */ = {
			isa = XCBuildConfiguration;
			buildSettings = {
				ALWAYS_SEARCH_USER_PATHS = NO;
				CLANG_ANALYZER_NONNULL = YES;
				CLANG_ANALYZER_NUMBER_OBJECT_CONVERSION = YES_AGGRESSIVE;
				CLANG_CXX_LANGUAGE_STANDARD = "gnu++14";
				CLANG_CXX_LIBRARY = "libc++";
				CLANG_ENABLE_MODULES = YES;
				CLANG_ENABLE_OBJC_ARC = YES;
				CLANG_ENABLE_OBJC_WEAK = YES;
				CLANG_WARN_BLOCK_CAPTURE_AUTORELEASING = YES;
				CLANG_WARN_BOOL_CONVERSION = YES;
				CLANG_WARN_COMMA = YES;
				CLANG_WARN_CONSTANT_CONVERSION = YES;
				CLANG_WARN_DEPRECATED_OBJC_IMPLEMENTATIONS = YES;
				CLANG_WARN_DIRECT_OBJC_ISA_USAGE = YES_ERROR;
				CLANG_WARN_DOCUMENTATION_COMMENTS = YES;
				CLANG_WARN_EMPTY_BODY = YES;
				CLANG_WARN_ENUM_CONVERSION = YES;
				CLANG_WARN_INFINITE_RECURSION = YES;
				CLANG_WARN_INT_CONVERSION = YES;
				CLANG_WARN_NON_LITERAL_NULL_CONVERSION = YES;
				CLANG_WARN_OBJC_IMPLICIT_RETAIN_SELF = YES;
				CLANG_WARN_OBJC_LITERAL_CONVERSION = YES;
				CLANG_WARN_OBJC_ROOT_CLASS = YES_ERROR;
				CLANG_WARN_RANGE_LOOP_ANALYSIS = YES;
				CLANG_WARN_STRICT_PROTOTYPES = YES;
				CLANG_WARN_SUSPICIOUS_MOVE = YES;
				CLANG_WARN_UNGUARDED_AVAILABILITY = YES_AGGRESSIVE;
				CLANG_WARN_UNREACHABLE_CODE = YES;
				CLANG_WARN__DUPLICATE_METHOD_MATCH = YES;
				CODE_SIGN_IDENTITY = "iPhone Developer";
				COPY_PHASE_STRIP = NO;
				DEBUG_INFORMATION_FORMAT = "dwarf-with-dsym";
				ENABLE_NS_ASSERTIONS = NO;
				ENABLE_STRICT_OBJC_MSGSEND = YES;
				GCC_C_LANGUAGE_STANDARD = gnu11;
				GCC_NO_COMMON_BLOCKS = YES;
				GCC_WARN_64_TO_32_BIT_CONVERSION = YES;
				GCC_WARN_ABOUT_RETURN_TYPE = YES_ERROR;
				GCC_WARN_UNDECLARED_SELECTOR = YES;
				GCC_WARN_UNINITIALIZED_AUTOS = YES_AGGRESSIVE;
				GCC_WARN_UNUSED_FUNCTION = YES;
				GCC_WARN_UNUSED_VARIABLE = YES;
				IPHONEOS_DEPLOYMENT_TARGET = 12.4;
				MTL_ENABLE_DEBUG_INFO = NO;
				MTL_FAST_MATH = YES;
				SDKROOT = iphoneos;
				SWIFT_COMPILATION_MODE = wholemodule;
				SWIFT_OPTIMIZATION_LEVEL = "-O";
				VALIDATE_PRODUCT = YES;
			};
			name = Release;
		};
		9DE79D22230E830100DD6442 /* Debug */ = {
			isa = XCBuildConfiguration;
			baseConfigurationReference = F86C2478608DC733DE547B53 /* Pods-LetsAnime.debug.xcconfig */;
			buildSettings = {
				ASSETCATALOG_COMPILER_APPICON_NAME = AppIcon;
				CODE_SIGN_STYLE = Automatic;
				DEVELOPMENT_TEAM = 38Y6QZ7ZEM;
				INFOPLIST_FILE = LetsAnime/Info.plist;
				LD_RUNPATH_SEARCH_PATHS = (
					"$(inherited)",
					"@executable_path/Frameworks",
				);
				PRODUCT_BUNDLE_IDENTIFIER = Shubhang.LetsAnime;
				PRODUCT_NAME = "$(TARGET_NAME)";
				SWIFT_VERSION = 5.0;
				TARGETED_DEVICE_FAMILY = "1,2";
			};
			name = Debug;
		};
		9DE79D23230E830100DD6442 /* Release */ = {
			isa = XCBuildConfiguration;
			baseConfigurationReference = 695DF49D060372FC6959E2E6 /* Pods-LetsAnime.release.xcconfig */;
			buildSettings = {
				ASSETCATALOG_COMPILER_APPICON_NAME = AppIcon;
				CODE_SIGN_STYLE = Automatic;
				DEVELOPMENT_TEAM = 38Y6QZ7ZEM;
				INFOPLIST_FILE = LetsAnime/Info.plist;
				LD_RUNPATH_SEARCH_PATHS = (
					"$(inherited)",
					"@executable_path/Frameworks",
				);
				PRODUCT_BUNDLE_IDENTIFIER = Shubhang.LetsAnime;
				PRODUCT_NAME = "$(TARGET_NAME)";
				SWIFT_VERSION = 5.0;
				TARGETED_DEVICE_FAMILY = "1,2";
			};
			name = Release;
		};
/* End XCBuildConfiguration section */

/* Begin XCConfigurationList section */
		9DE79D0A230E82FF00DD6442 /* Build configuration list for PBXProject "LetsAnime" */ = {
			isa = XCConfigurationList;
			buildConfigurations = (
				9DE79D1F230E830100DD6442 /* Debug */,
				9DE79D20230E830100DD6442 /* Release */,
			);
			defaultConfigurationIsVisible = 0;
			defaultConfigurationName = Release;
		};
		9DE79D21230E830100DD6442 /* Build configuration list for PBXNativeTarget "LetsAnime" */ = {
			isa = XCConfigurationList;
			buildConfigurations = (
				9DE79D22230E830100DD6442 /* Debug */,
				9DE79D23230E830100DD6442 /* Release */,
			);
			defaultConfigurationIsVisible = 0;
			defaultConfigurationName = Release;
		};
/* End XCConfigurationList section */
	};
	rootObject = 9DE79D07230E82FF00DD6442 /* Project object */;
}
